
Microsoft Visual Studio Solution File, Format Version 12.00
# Visual Studio Version 16
VisualStudioVersion = 25.0.1706.7
MinimumVisualStudioVersion = 10.0.40219.1
Project("{2150E333-8FDC-42A3-9474-1A3956D46DE8}") = "OO", "OO", "{FCF024D4-D44D-4126-9A21-39BA0C1E4282}"
EndProject
Project("{2150E333-8FDC-42A3-9474-1A3956D46DE8}") = "Base", "Base", "{53660A00-D842-4627-B687-5CB4E3B5D086}"
EndProject
Project("{2150E333-8FDC-42A3-9474-1A3956D46DE8}") = "01 Namespace", "01 Namespace", "{B4A94000-3058-4F66-B676-8AA4DB2EC41A}"
EndProject
Project("{2150E333-8FDC-42A3-9474-1A3956D46DE8}") = "02 Encapsulation", "02 Encapsulation", "{F2C3C3E7-46E4-44D2-AFC9-5B6BA7203EC1}"
EndProject
Project("{2150E333-8FDC-42A3-9474-1A3956D46DE8}") = "03 Classe", "03 Classe", "{0445D583-8F71-42DC-B75F-868D6FA5F904}"
EndProject
Project("{2150E333-8FDC-42A3-9474-1A3956D46DE8}") = "04 Proprietes", "04 Proprietes", "{040F5E2F-C40B-4534-B268-3A65C3DE158D}"
EndProject
Project("{2150E333-8FDC-42A3-9474-1A3956D46DE8}") = "05 Indexeurs", "05 Indexeurs", "{C1E3A1FC-0D0A-4F1B-B9F0-8D0E7CE39B27}"
EndProject
Project("{2150E333-8FDC-42A3-9474-1A3956D46DE8}") = "06 Surcharge Operateurs", "06 Surcharge Operateurs", "{EE654FDC-37A5-4EA0-A2DF-CD554CB5A496}"
EndProject
Project("{2150E333-8FDC-42A3-9474-1A3956D46DE8}") = "07 Heritage", "07 Heritage", "{A1A2FC04-67AA-43A2-B16E-B36A54099A9F}"
EndProject
Project("{2150E333-8FDC-42A3-9474-1A3956D46DE8}") = "08 Polymorphisme", "08 Polymorphisme", "{2918B5F1-D129-445B-AA84-9F5455949D0B}"
EndProject
Project("{2150E333-8FDC-42A3-9474-1A3956D46DE8}") = "09 Classes Abstraites", "09 Classes Abstraites", "{68E37C76-6467-46BA-BC81-269D20BB85E1}"
EndProject
Project("{2150E333-8FDC-42A3-9474-1A3956D46DE8}") = "10 Classes Statiques", "10 Classes Statiques", "{DCF652E5-2479-4B05-B5E9-F60523222B1E}"
EndProject
Project("{2150E333-8FDC-42A3-9474-1A3956D46DE8}") = "11 Interfaces", "11 Interfaces", "{44DB7C6B-468E-4E0F-8E13-BDCA79EC12A8}"
EndProject
Project("{2150E333-8FDC-42A3-9474-1A3956D46DE8}") = "12 Constructeurs Destructeurs", "12 Constructeurs Destructeurs", "{9DB209B0-1332-4FFB-92D6-0A99727466F4}"
EndProject
Project("{2150E333-8FDC-42A3-9474-1A3956D46DE8}") = "13 Exceptions", "13 Exceptions", "{94D61BE6-06B0-4337-AB12-0A6987B5D3E4}"
EndProject
Project("{2150E333-8FDC-42A3-9474-1A3956D46DE8}") = "14 Delegues", "14 Delegues", "{6E1F248A-D27F-4DBE-B533-584F48CD32C2}"
EndProject
Project("{2150E333-8FDC-42A3-9474-1A3956D46DE8}") = "15 Evenements", "15 Evenements", "{3A061695-F0E5-439A-80E2-19C157E87144}"
EndProject
Project("{2150E333-8FDC-42A3-9474-1A3956D46DE8}") = "16 Generiques", "16 Generiques", "{2B632F9D-4E24-4FE3-9290-52F8C056B8F8}"
EndProject
Project("{2150E333-8FDC-42A3-9474-1A3956D46DE8}") = "Demonstrations", "Demonstrations", "{E3EEA278-1B9F-4692-B7FD-E408ACA2EF54}"
EndProject
Project("{2150E333-8FDC-42A3-9474-1A3956D46DE8}") = "Exercices", "Exercices", "{B46AE1EF-3F9F-4DC4-8E89-82E225B92335}"
EndProject
Project("{FAE04EC0-301F-11D3-BF4B-00C04F79EFBC}") = "DemoNamespace", "DemoNamespace\DemoNamespace.csproj", "{22AA9B9D-2C18-4A5B-AAEE-0C00254FABB3}"
EndProject
Project("{FAE04EC0-301F-11D3-BF4B-00C04F79EFBC}") = "DemoEncapsulation", "DemoEncapsulation\DemoEncapsulation.csproj", "{687DD23B-5D5D-4C00-9837-C8F3A65FCCB9}"
EndProject
Project("{FAE04EC0-301F-11D3-BF4B-00C04F79EFBC}") = "DemoClasse", "DemoClasse\DemoClasse.csproj", "{092C06A3-E30F-4F39-8D2E-E3BB1F8C2BBB}"
EndProject
Project("{FAE04EC0-301F-11D3-BF4B-00C04F79EFBC}") = "DemoProprietes", "DemoProprietes\DemoProprietes.csproj", "{BFB57E46-D513-4472-A1D6-DE6BEA8BC0AD}"
EndProject
Project("{FAE04EC0-301F-11D3-BF4B-00C04F79EFBC}") = "DemoIndexeurs", "DemoIndexeurs\DemoIndexeurs.csproj", "{4B040666-29C1-4F39-BD64-889FF416E1CF}"
EndProject
Project("{FAE04EC0-301F-11D3-BF4B-00C04F79EFBC}") = "DemoSurchargeOperateurs", "DemoSurchargeOperateurs\DemoSurchargeOperateurs.csproj", "{24055EA9-094A-42D8-9AF7-C361B180C460}"
EndProject
Project("{FAE04EC0-301F-11D3-BF4B-00C04F79EFBC}") = "DemoHeritage", "DemoHeritage\DemoHeritage.csproj", "{363687F4-A412-4AD8-9E0F-9259BDBAE042}"
EndProject
Project("{FAE04EC0-301F-11D3-BF4B-00C04F79EFBC}") = "DemoPolymorphisme", "DemoPolymorphisme\DemoPolymorphisme.csproj", "{3B71F406-C815-4B83-B68B-49D7B23B7F38}"
EndProject
Project("{FAE04EC0-301F-11D3-BF4B-00C04F79EFBC}") = "DemoClassesAbstraites", "DemoClassesAbstraites\DemoClassesAbstraites.csproj", "{171B6F49-78BA-4910-9297-C4A43FCADA38}"
EndProject
Project("{FAE04EC0-301F-11D3-BF4B-00C04F79EFBC}") = "DemoClassesStatiques", "DemoClassesStatiques\DemoClassesStatiques.csproj", "{3F641E30-9BF6-429A-90B6-7831AFD621AF}"
EndProject
Project("{FAE04EC0-301F-11D3-BF4B-00C04F79EFBC}") = "DemoInterfaces", "DemoInterfaces\DemoInterfaces.csproj", "{F2751C38-49B6-4041-9D9E-00CD700610AE}"
EndProject
Project("{FAE04EC0-301F-11D3-BF4B-00C04F79EFBC}") = "DemoConstructeursDestructeurs", "DemoConstructeursDestructeurs\DemoConstructeursDestructeurs.csproj", "{F0E7736F-EC31-42EC-8A05-0531FBD02FA2}"
EndProject
Project("{FAE04EC0-301F-11D3-BF4B-00C04F79EFBC}") = "DemoExceptions", "DemoExceptions\DemoExceptions.csproj", "{B46BEB41-82E5-4737-AECE-825544302F14}"
EndProject
Project("{FAE04EC0-301F-11D3-BF4B-00C04F79EFBC}") = "DemoDelegues", "DemoDelegues\DemoDelegues.csproj", "{CA3FC898-5041-4E9F-A1B5-99FAD329CBDB}"
EndProject
Project("{FAE04EC0-301F-11D3-BF4B-00C04F79EFBC}") = "DemoEvenements", "DemoEvenements\DemoEvenements.csproj", "{2E59BAF1-077D-4811-AD17-BBD7203896DE}"
EndProject
Project("{FAE04EC0-301F-11D3-BF4B-00C04F79EFBC}") = "DemoGeneriques", "DemoGeneriques\DemoGeneriques.csproj", "{6DBB2630-7788-41BE-8308-355479B29564}"
EndProject
Global
	GlobalSection(SolutionConfigurationPlatforms) = preSolution
		Debug|Any CPU = Debug|Any CPU
		Release|Any CPU = Release|Any CPU
	EndGlobalSection
	GlobalSection(ProjectConfigurationPlatforms) = postSolution
		{22AA9B9D-2C18-4A5B-AAEE-0C00254FABB3}.Debug|Any CPU.ActiveCfg = Debug|Any CPU
		{22AA9B9D-2C18-4A5B-AAEE-0C00254FABB3}.Debug|Any CPU.Build.0 = Debug|Any CPU
		{22AA9B9D-2C18-4A5B-AAEE-0C00254FABB3}.Release|Any CPU.ActiveCfg = Release|Any CPU
		{22AA9B9D-2C18-4A5B-AAEE-0C00254FABB3}.Release|Any CPU.Build.0 = Release|Any CPU
		{687DD23B-5D5D-4C00-9837-C8F3A65FCCB9}.Debug|Any CPU.ActiveCfg = Debug|Any CPU
		{687DD23B-5D5D-4C00-9837-C8F3A65FCCB9}.Debug|Any CPU.Build.0 = Debug|Any CPU
		{687DD23B-5D5D-4C00-9837-C8F3A65FCCB9}.Release|Any CPU.ActiveCfg = Release|Any CPU
		{687DD23B-5D5D-4C00-9837-C8F3A65FCCB9}.Release|Any CPU.Build.0 = Release|Any CPU
		{092C06A3-E30F-4F39-8D2E-E3BB1F8C2BBB}.Debug|Any CPU.ActiveCfg = Debug|Any CPU
		{092C06A3-E30F-4F39-8D2E-E3BB1F8C2BBB}.Debug|Any CPU.Build.0 = Debug|Any CPU
		{092C06A3-E30F-4F39-8D2E-E3BB1F8C2BBB}.Release|Any CPU.ActiveCfg = Release|Any CPU
		{092C06A3-E30F-4F39-8D2E-E3BB1F8C2BBB}.Release|Any CPU.Build.0 = Release|Any CPU
		{BFB57E46-D513-4472-A1D6-DE6BEA8BC0AD}.Debug|Any CPU.ActiveCfg = Debug|Any CPU
		{BFB57E46-D513-4472-A1D6-DE6BEA8BC0AD}.Debug|Any CPU.Build.0 = Debug|Any CPU
		{BFB57E46-D513-4472-A1D6-DE6BEA8BC0AD}.Release|Any CPU.ActiveCfg = Release|Any CPU
		{BFB57E46-D513-4472-A1D6-DE6BEA8BC0AD}.Release|Any CPU.Build.0 = Release|Any CPU
		{4B040666-29C1-4F39-BD64-889FF416E1CF}.Debug|Any CPU.ActiveCfg = Debug|Any CPU
		{4B040666-29C1-4F39-BD64-889FF416E1CF}.Debug|Any CPU.Build.0 = Debug|Any CPU
		{4B040666-29C1-4F39-BD64-889FF416E1CF}.Release|Any CPU.ActiveCfg = Release|Any CPU
		{4B040666-29C1-4F39-BD64-889FF416E1CF}.Release|Any CPU.Build.0 = Release|Any CPU
		{24055EA9-094A-42D8-9AF7-C361B180C460}.Debug|Any CPU.ActiveCfg = Debug|Any CPU
		{24055EA9-094A-42D8-9AF7-C361B180C460}.Debug|Any CPU.Build.0 = Debug|Any CPU
		{24055EA9-094A-42D8-9AF7-C361B180C460}.Release|Any CPU.ActiveCfg = Release|Any CPU
		{24055EA9-094A-42D8-9AF7-C361B180C460}.Release|Any CPU.Build.0 = Release|Any CPU
		{363687F4-A412-4AD8-9E0F-9259BDBAE042}.Debug|Any CPU.ActiveCfg = Debug|Any CPU
		{363687F4-A412-4AD8-9E0F-9259BDBAE042}.Debug|Any CPU.Build.0 = Debug|Any CPU
		{363687F4-A412-4AD8-9E0F-9259BDBAE042}.Release|Any CPU.ActiveCfg = Release|Any CPU
		{363687F4-A412-4AD8-9E0F-9259BDBAE042}.Release|Any CPU.Build.0 = Release|Any CPU
		{3B71F406-C815-4B83-B68B-49D7B23B7F38}.Debug|Any CPU.ActiveCfg = Debug|Any CPU
		{3B71F406-C815-4B83-B68B-49D7B23B7F38}.Debug|Any CPU.Build.0 = Debug|Any CPU
		{3B71F406-C815-4B83-B68B-49D7B23B7F38}.Release|Any CPU.ActiveCfg = Release|Any CPU
		{3B71F406-C815-4B83-B68B-49D7B23B7F38}.Release|Any CPU.Build.0 = Release|Any CPU
		{171B6F49-78BA-4910-9297-C4A43FCADA38}.Debug|Any CPU.ActiveCfg = Debug|Any CPU
		{171B6F49-78BA-4910-9297-C4A43FCADA38}.Debug|Any CPU.Build.0 = Debug|Any CPU
		{171B6F49-78BA-4910-9297-C4A43FCADA38}.Release|Any CPU.ActiveCfg = Release|Any CPU
		{171B6F49-78BA-4910-9297-C4A43FCADA38}.Release|Any CPU.Build.0 = Release|Any CPU
		{3F641E30-9BF6-429A-90B6-7831AFD621AF}.Debug|Any CPU.ActiveCfg = Debug|Any CPU
		{3F641E30-9BF6-429A-90B6-7831AFD621AF}.Debug|Any CPU.Build.0 = Debug|Any CPU
		{3F641E30-9BF6-429A-90B6-7831AFD621AF}.Release|Any CPU.ActiveCfg = Release|Any CPU
		{3F641E30-9BF6-429A-90B6-7831AFD621AF}.Release|Any CPU.Build.0 = Release|Any CPU
		{F2751C38-49B6-4041-9D9E-00CD700610AE}.Debug|Any CPU.ActiveCfg = Debug|Any CPU
		{F2751C38-49B6-4041-9D9E-00CD700610AE}.Debug|Any CPU.Build.0 = Debug|Any CPU
		{F2751C38-49B6-4041-9D9E-00CD700610AE}.Release|Any CPU.ActiveCfg = Release|Any CPU
		{F2751C38-49B6-4041-9D9E-00CD700610AE}.Release|Any CPU.Build.0 = Release|Any CPU
		{F0E7736F-EC31-42EC-8A05-0531FBD02FA2}.Debug|Any CPU.ActiveCfg = Debug|Any CPU
		{F0E7736F-EC31-42EC-8A05-0531FBD02FA2}.Debug|Any CPU.Build.0 = Debug|Any CPU
		{F0E7736F-EC31-42EC-8A05-0531FBD02FA2}.Release|Any CPU.ActiveCfg = Release|Any CPU
		{F0E7736F-EC31-42EC-8A05-0531FBD02FA2}.Release|Any CPU.Build.0 = Release|Any CPU
		{B46BEB41-82E5-4737-AECE-825544302F14}.Debug|Any CPU.ActiveCfg = Debug|Any CPU
		{B46BEB41-82E5-4737-AECE-825544302F14}.Debug|Any CPU.Build.0 = Debug|Any CPU
		{B46BEB41-82E5-4737-AECE-825544302F14}.Release|Any CPU.ActiveCfg = Release|Any CPU
		{B46BEB41-82E5-4737-AECE-825544302F14}.Release|Any CPU.Build.0 = Release|Any CPU
		{CA3FC898-5041-4E9F-A1B5-99FAD329CBDB}.Debug|Any CPU.ActiveCfg = Debug|Any CPU
		{CA3FC898-5041-4E9F-A1B5-99FAD329CBDB}.Debug|Any CPU.Build.0 = Debug|Any CPU
		{CA3FC898-5041-4E9F-A1B5-99FAD329CBDB}.Release|Any CPU.ActiveCfg = Release|Any CPU
		{CA3FC898-5041-4E9F-A1B5-99FAD329CBDB}.Release|Any CPU.Build.0 = Release|Any CPU
		{2E59BAF1-077D-4811-AD17-BBD7203896DE}.Debug|Any CPU.ActiveCfg = Debug|Any CPU
		{2E59BAF1-077D-4811-AD17-BBD7203896DE}.Debug|Any CPU.Build.0 = Debug|Any CPU
		{2E59BAF1-077D-4811-AD17-BBD7203896DE}.Release|Any CPU.ActiveCfg = Release|Any CPU
		{2E59BAF1-077D-4811-AD17-BBD7203896DE}.Release|Any CPU.Build.0 = Release|Any CPU
		{6DBB2630-7788-41BE-8308-355479B29564}.Debug|Any CPU.ActiveCfg = Debug|Any CPU
		{6DBB2630-7788-41BE-8308-355479B29564}.Debug|Any CPU.Build.0 = Debug|Any CPU
		{6DBB2630-7788-41BE-8308-355479B29564}.Release|Any CPU.ActiveCfg = Release|Any CPU
		{6DBB2630-7788-41BE-8308-355479B29564}.Release|Any CPU.Build.0 = Release|Any CPU
	EndGlobalSection
	GlobalSection(SolutionProperties) = preSolution
		HideSolutionNode = FALSE
	EndGlobalSection
	GlobalSection(ExtensibilityGlobals) = postSolution
		SolutionGuid = {38DCBF10-C963-4F77-AA70-F2289A7F6E92}
	EndGlobalSection
	GlobalSection(NestedProjects) = preSolution
		{B4A94000-3058-4F66-B676-8AA4DB2EC41A} = {E3EEA278-1B9F-4692-B7FD-E408ACA2EF54}
		{F2C3C3E7-46E4-44D2-AFC9-5B6BA7203EC1} = {E3EEA278-1B9F-4692-B7FD-E408ACA2EF54}
		{0445D583-8F71-42DC-B75F-868D6FA5F904} = {E3EEA278-1B9F-4692-B7FD-E408ACA2EF54}
		{040F5E2F-C40B-4534-B268-3A65C3DE158D} = {E3EEA278-1B9F-4692-B7FD-E408ACA2EF54}
		{C1E3A1FC-0D0A-4F1B-B9F0-8D0E7CE39B27} = {E3EEA278-1B9F-4692-B7FD-E408ACA2EF54}
		{EE654FDC-37A5-4EA0-A2DF-CD554CB5A496} = {E3EEA278-1B9F-4692-B7FD-E408ACA2EF54}
		{A1A2FC04-67AA-43A2-B16E-B36A54099A9F} = {E3EEA278-1B9F-4692-B7FD-E408ACA2EF54}
		{2918B5F1-D129-445B-AA84-9F5455949D0B} = {E3EEA278-1B9F-4692-B7FD-E408ACA2EF54}
		{68E37C76-6467-46BA-BC81-269D20BB85E1} = {E3EEA278-1B9F-4692-B7FD-E408ACA2EF54}
		{DCF652E5-2479-4B05-B5E9-F60523222B1E} = {E3EEA278-1B9F-4692-B7FD-E408ACA2EF54}
		{44DB7C6B-468E-4E0F-8E13-BDCA79EC12A8} = {E3EEA278-1B9F-4692-B7FD-E408ACA2EF54}
		{9DB209B0-1332-4FFB-92D6-0A99727466F4} = {E3EEA278-1B9F-4692-B7FD-E408ACA2EF54}
		{94D61BE6-06B0-4337-AB12-0A6987B5D3E4} = {E3EEA278-1B9F-4692-B7FD-E408ACA2EF54}
		{6E1F248A-D27F-4DBE-B533-584F48CD32C2} = {E3EEA278-1B9F-4692-B7FD-E408ACA2EF54}
		{3A061695-F0E5-439A-80E2-19C157E87144} = {E3EEA278-1B9F-4692-B7FD-E408ACA2EF54}
		{2B632F9D-4E24-4FE3-9290-52F8C056B8F8} = {E3EEA278-1B9F-4692-B7FD-E408ACA2EF54}
		{E3EEA278-1B9F-4692-B7FD-E408ACA2EF54} = {FCF024D4-D44D-4126-9A21-39BA0C1E4282}
		{B46AE1EF-3F9F-4DC4-8E89-82E225B92335} = {FCF024D4-D44D-4126-9A21-39BA0C1E4282}
		{22AA9B9D-2C18-4A5B-AAEE-0C00254FABB3} = {B4A94000-3058-4F66-B676-8AA4DB2EC41A}
		{687DD23B-5D5D-4C00-9837-C8F3A65FCCB9} = {F2C3C3E7-46E4-44D2-AFC9-5B6BA7203EC1}
		{092C06A3-E30F-4F39-8D2E-E3BB1F8C2BBB} = {0445D583-8F71-42DC-B75F-868D6FA5F904}
		{BFB57E46-D513-4472-A1D6-DE6BEA8BC0AD} = {040F5E2F-C40B-4534-B268-3A65C3DE158D}
		{4B040666-29C1-4F39-BD64-889FF416E1CF} = {C1E3A1FC-0D0A-4F1B-B9F0-8D0E7CE39B27}
		{24055EA9-094A-42D8-9AF7-C361B180C460} = {EE654FDC-37A5-4EA0-A2DF-CD554CB5A496}
		{363687F4-A412-4AD8-9E0F-9259BDBAE042} = {A1A2FC04-67AA-43A2-B16E-B36A54099A9F}
		{3B71F406-C815-4B83-B68B-49D7B23B7F38} = {2918B5F1-D129-445B-AA84-9F5455949D0B}
		{171B6F49-78BA-4910-9297-C4A43FCADA38} = {68E37C76-6467-46BA-BC81-269D20BB85E1}
		{3F641E30-9BF6-429A-90B6-7831AFD621AF} = {DCF652E5-2479-4B05-B5E9-F60523222B1E}
		{F2751C38-49B6-4041-9D9E-00CD700610AE} = {44DB7C6B-468E-4E0F-8E13-BDCA79EC12A8}
		{F0E7736F-EC31-42EC-8A05-0531FBD02FA2} = {9DB209B0-1332-4FFB-92D6-0A99727466F4}
		{B46BEB41-82E5-4737-AECE-825544302F14} = {94D61BE6-06B0-4337-AB12-0A6987B5D3E4}
		{CA3FC898-5041-4E9F-A1B5-99FAD329CBDB} = {6E1F248A-D27F-4DBE-B533-584F48CD32C2}
		{2E59BAF1-077D-4811-AD17-BBD7203896DE} = {3A061695-F0E5-439A-80E2-19C157E87144}
		{6DBB2630-7788-41BE-8308-355479B29564} = {2B632F9D-4E24-4FE3-9290-52F8C056B8F8}
	EndGlobalSection
EndGlobal
